
Microsoft Visual Studio Solution File, Format Version 12.00
# Visual Studio Version 17
VisualStudioVersion = 17.5.33530.505
MinimumVisualStudioVersion = 10.0.40219.1
Project("{FAE04EC0-301F-11D3-BF4B-00C04F79EFBC}") = "HotelOrder", "HotelOrder\HotelOrder.csproj", "{12498BD9-96FB-4B93-B977-A2CCD4C1486A}"
EndProject
Global
	GlobalSection(SolutionConfigurationPlatforms) = preSolution
		Debug|Any CPU = Debug|Any CPU
		Release|Any CPU = Release|Any CPU
	EndGlobalSection
	GlobalSection(ProjectConfigurationPlatforms) = postSolution
		{12498BD9-96FB-4B93-B977-A2CCD4C1486A}.Debug|Any CPU.ActiveCfg = Debug|Any CPU
		{12498BD9-96FB-4B93-B977-A2CCD4C1486A}.Debug|Any CPU.Build.0 = Debug|Any CPU
		{12498BD9-96FB-4B93-B977-A2CCD4C1486A}.Release|Any CPU.ActiveCfg = Release|Any CPU
		{12498BD9-96FB-4B93-B977-A2CCD4C1486A}.Release|Any CPU.Build.0 = Release|Any CPU
	EndGlobalSection
	GlobalSection(SolutionProperties) = preSolution
		HideSolutionNode = FALSE
	EndGlobalSection
	GlobalSection(ExtensibilityGlobals) = postSolution
		SolutionGuid = {CEE20018-23C7-4C67-8399-D031BA35DEB8}
	EndGlobalSection
EndGlobal
